
Microsoft Visual Studio Solution File, Format Version 12.00
# Visual Studio Version 16
VisualStudioVersion = 16.0.30816.78
MinimumVisualStudioVersion = 10.0.40219.1
Project("{8BC9CEB8-8B4A-11D0-8D11-00A0C91BC942}") = "Testbed", "Testbed.vcxproj", "{DEBE799A-CFAD-4395-9FB0-1B7F3E0C6510}"
EndProject
Global
	GlobalSection(SolutionConfigurationPlatforms) = preSolution
		Debug|x64 = Debug|x64
		Release|x64 = Release|x64
	EndGlobalSection
	GlobalSection(ProjectConfigurationPlatforms) = postSolution
		{DEBE799A-CFAD-4395-9FB0-1B7F3E0C6510}.Debug|x64.ActiveCfg = Debug|x64
		{DEBE799A-CFAD-4395-9FB0-1B7F3E0C6510}.Debug|x64.Build.0 = Debug|x64
		{DEBE799A-CFAD-4395-9FB0-1B7F3E0C6510}.Release|x64.ActiveCfg = Release|x64
		{DEBE799A-CFAD-4395-9FB0-1B7F3E0C6510}.Release|x64.Build.0 = Release|x64
	EndGlobalSection
	GlobalSection(SolutionProperties) = preSolution
		HideSolutionNode = FALSE
	EndGlobalSection
	GlobalSection(ExtensibilityGlobals) = postSolution
		SolutionGuid = {98E3B75B-8E2B-432A-BBD0-D10A2282CBCC}
	EndGlobalSection
EndGlobal
